
Microsoft Visual Studio Solution File, Format Version 12.00
# Visual Studio Version 16
VisualStudioVersion = 16.0.30503.244
MinimumVisualStudioVersion = 10.0.40219.1
Project("{FAE04EC0-301F-11D3-BF4B-00C04F79EFBC}") = "FormsProject2", "FormsProject2\FormsProject2.csproj", "{F0547B43-FEE1-4B13-98E4-B6CC29C3619B}"
EndProject
Global
	GlobalSection(SolutionConfigurationPlatforms) = preSolution
		Debug|Any CPU = Debug|Any CPU
		Release|Any CPU = Release|Any CPU
	EndGlobalSection
	GlobalSection(ProjectConfigurationPlatforms) = postSolution
		{F0547B43-FEE1-4B13-98E4-B6CC29C3619B}.Debug|Any CPU.ActiveCfg = Debug|Any CPU
		{F0547B43-FEE1-4B13-98E4-B6CC29C3619B}.Debug|Any CPU.Build.0 = Debug|Any CPU
		{F0547B43-FEE1-4B13-98E4-B6CC29C3619B}.Release|Any CPU.ActiveCfg = Release|Any CPU
		{F0547B43-FEE1-4B13-98E4-B6CC29C3619B}.Release|Any CPU.Build.0 = Release|Any CPU
	EndGlobalSection
	GlobalSection(SolutionProperties) = preSolution
		HideSolutionNode = FALSE
	EndGlobalSection
	GlobalSection(ExtensibilityGlobals) = postSolution
		SolutionGuid = {6D81CA61-DFBD-483A-94F0-B4FC2728A16E}
	EndGlobalSection
EndGlobal
